
Microsoft Visual Studio Solution File, Format Version 12.00
# Visual Studio Version 17
VisualStudioVersion = 17.8.34525.116
MinimumVisualStudioVersion = 10.0.40219.1
Project("{FAE04EC0-301F-11D3-BF4B-00C04F79EFBC}") = "Assiment2_NET103", "Assiment2_NET103.csproj", "{430B0283-BAB4-4EB7-8257-1894C690E326}"
EndProject
Global
	GlobalSection(SolutionConfigurationPlatforms) = preSolution
		Debug|Any CPU = Debug|Any CPU
		Release|Any CPU = Release|Any CPU
	EndGlobalSection
	GlobalSection(ProjectConfigurationPlatforms) = postSolution
		{430B0283-BAB4-4EB7-8257-1894C690E326}.Debug|Any CPU.ActiveCfg = Debug|Any CPU
		{430B0283-BAB4-4EB7-8257-1894C690E326}.Debug|Any CPU.Build.0 = Debug|Any CPU
		{430B0283-BAB4-4EB7-8257-1894C690E326}.Release|Any CPU.ActiveCfg = Release|Any CPU
		{430B0283-BAB4-4EB7-8257-1894C690E326}.Release|Any CPU.Build.0 = Release|Any CPU
	EndGlobalSection
	GlobalSection(SolutionProperties) = preSolution
		HideSolutionNode = FALSE
	EndGlobalSection
	GlobalSection(ExtensibilityGlobals) = postSolution
		SolutionGuid = {A34732F3-3592-4F09-9493-6FEA3870DED4}
	EndGlobalSection
EndGlobal
